
Microsoft Visual Studio Solution File, Format Version 12.00
# Visual Studio Version 16
VisualStudioVersion = 16.0.30611.23
MinimumVisualStudioVersion = 10.0.40219.1
Project("{FAE04EC0-301F-11D3-BF4B-00C04F79EFBC}") = "Name Generator", "Name Generator\Name Generator.csproj", "{7B6636CD-BE63-4150-9D4E-7BF3B6B317A8}"
EndProject
Global
	GlobalSection(SolutionConfigurationPlatforms) = preSolution
		Debug|Any CPU = Debug|Any CPU
		Release|Any CPU = Release|Any CPU
	EndGlobalSection
	GlobalSection(ProjectConfigurationPlatforms) = postSolution
		{7B6636CD-BE63-4150-9D4E-7BF3B6B317A8}.Debug|Any CPU.ActiveCfg = Debug|Any CPU
		{7B6636CD-BE63-4150-9D4E-7BF3B6B317A8}.Debug|Any CPU.Build.0 = Debug|Any CPU
		{7B6636CD-BE63-4150-9D4E-7BF3B6B317A8}.Release|Any CPU.ActiveCfg = Release|Any CPU
		{7B6636CD-BE63-4150-9D4E-7BF3B6B317A8}.Release|Any CPU.Build.0 = Release|Any CPU
	EndGlobalSection
	GlobalSection(SolutionProperties) = preSolution
		HideSolutionNode = FALSE
	EndGlobalSection
	GlobalSection(ExtensibilityGlobals) = postSolution
		SolutionGuid = {B2A1BED1-241C-457D-AF5E-637DC34D3024}
	EndGlobalSection
EndGlobal
